
Microsoft Visual Studio Solution File, Format Version 12.00
# Visual Studio Version 17
VisualStudioVersion = 17.8.34330.188
MinimumVisualStudioVersion = 10.0.40219.1
Project("{FAE04EC0-301F-11D3-BF4B-00C04F79EFBC}") = "vaildation", "vaildation\vaildation.csproj", "{C61EAF3F-6336-46AF-B14D-E2F76E9D4C6C}"
EndProject
Global
	GlobalSection(SolutionConfigurationPlatforms) = preSolution
		Debug|Any CPU = Debug|Any CPU
		Release|Any CPU = Release|Any CPU
	EndGlobalSection
	GlobalSection(ProjectConfigurationPlatforms) = postSolution
		{C61EAF3F-6336-46AF-B14D-E2F76E9D4C6C}.Debug|Any CPU.ActiveCfg = Debug|Any CPU
		{C61EAF3F-6336-46AF-B14D-E2F76E9D4C6C}.Debug|Any CPU.Build.0 = Debug|Any CPU
		{C61EAF3F-6336-46AF-B14D-E2F76E9D4C6C}.Release|Any CPU.ActiveCfg = Release|Any CPU
		{C61EAF3F-6336-46AF-B14D-E2F76E9D4C6C}.Release|Any CPU.Build.0 = Release|Any CPU
	EndGlobalSection
	GlobalSection(SolutionProperties) = preSolution
		HideSolutionNode = FALSE
	EndGlobalSection
	GlobalSection(ExtensibilityGlobals) = postSolution
		SolutionGuid = {27AB2408-54EB-4475-907A-327243BE391B}
	EndGlobalSection
EndGlobal
